// !$*UTF8*$!
{
	archiveVersion = 1;
	classes = {
	};
	objectVersion = 56;
	objects = {

/* Begin PBXBuildFile section */
		6188EDA12B83EB2800E00D14 /* PageModel.swift in Sources */ = {isa = PBXBuildFile; fileRef = 6188EDA02B83EB2800E00D14 /* PageModel.swift */; };
		6188EDA32B83EB7100E00D14 /* PageData.swift in Sources */ = {isa = PBXBuildFile; fileRef = 6188EDA22B83EB7100E00D14 /* PageData.swift */; };
		619337CC2B76972200392A69 /* PinchappApp.swift in Sources */ = {isa = PBXBuildFile; fileRef = 619337CB2B76972200392A69 /* PinchappApp.swift */; };
		619337CE2B76972200392A69 /* ContentView.swift in Sources */ = {isa = PBXBuildFile; fileRef = 619337CD2B76972200392A69 /* ContentView.swift */; };
		619337D02B76972200392A69 /* Item.swift in Sources */ = {isa = PBXBuildFile; fileRef = 619337CF2B76972200392A69 /* Item.swift */; };
		619337D22B76972300392A69 /* Assets.xcassets in Resources */ = {isa = PBXBuildFile; fileRef = 619337D12B76972300392A69 /* Assets.xcassets */; };
		619337D52B76972300392A69 /* Preview Assets.xcassets in Resources */ = {isa = PBXBuildFile; fileRef = 619337D42B76972300392A69 /* Preview Assets.xcassets */; };
		61AB2C8F2B83579D00A302BF /* InfoPanelView.swift in Sources */ = {isa = PBXBuildFile; fileRef = 61AB2C8E2B83579D00A302BF /* InfoPanelView.swift */; };
		61AB2C912B83638D00A302BF /* ControlimageView.swift in Sources */ = {isa = PBXBuildFile; fileRef = 61AB2C902B83638D00A302BF /* ControlimageView.swift */; };
/* End PBXBuildFile section */

/* Begin PBXFileReference section */
		6188EDA02B83EB2800E00D14 /* PageModel.swift */ = {isa = PBXFileReference; lastKnownFileType = sourcecode.swift; path = PageModel.swift; sourceTree = "<group>"; };
		6188EDA22B83EB7100E00D14 /* PageData.swift */ = {isa = PBXFileReference; lastKnownFileType = sourcecode.swift; path = PageData.swift; sourceTree = "<group>"; };
		619337C82B76972200392A69 /* Pinchapp.app */ = {isa = PBXFileReference; explicitFileType = wrapper.application; includeInIndex = 0; path = Pinchapp.app; sourceTree = BUILT_PRODUCTS_DIR; };
		619337CB2B76972200392A69 /* PinchappApp.swift */ = {isa = PBXFileReference; lastKnownFileType = sourcecode.swift; path = PinchappApp.swift; sourceTree = "<group>"; };
		619337CD2B76972200392A69 /* ContentView.swift */ = {isa = PBXFileReference; lastKnownFileType = sourcecode.swift; path = ContentView.swift; sourceTree = "<group>"; };
		619337CF2B76972200392A69 /* Item.swift */ = {isa = PBXFileReference; lastKnownFileType = sourcecode.swift; path = Item.swift; sourceTree = "<group>"; };
		619337D12B76972300392A69 /* Assets.xcassets */ = {isa = PBXFileReference; lastKnownFileType = folder.assetcatalog; path = Assets.xcassets; sourceTree = "<group>"; };
		619337D42B76972300392A69 /* Preview Assets.xcassets */ = {isa = PBXFileReference; lastKnownFileType = folder.assetcatalog; path = "Preview Assets.xcassets"; sourceTree = "<group>"; };
		61AB2C8E2B83579D00A302BF /* InfoPanelView.swift */ = {isa = PBXFileReference; lastKnownFileType = sourcecode.swift; path = InfoPanelView.swift; sourceTree = "<group>"; };
		61AB2C902B83638D00A302BF /* ControlimageView.swift */ = {isa = PBXFileReference; lastKnownFileType = sourcecode.swift; path = ControlimageView.swift; sourceTree = "<group>"; };
/* End PBXFileReference section */

/* Begin PBXFrameworksBuildPhase section */
		619337C52B76972200392A69 /* Frameworks */ = {
			isa = PBXFrameworksBuildPhase;
			buildActionMask = 2147483647;
			files = (
			);
			runOnlyForDeploymentPostprocessing = 0;
		};
/* End PBXFrameworksBuildPhase section */

/* Begin PBXGroup section */
		619337BF2B76972200392A69 = {
			isa = PBXGroup;
			children = (
				619337CA2B76972200392A69 /* Pinchapp */,
				619337C92B76972200392A69 /* Products */,
			);
			sourceTree = "<group>";
		};
		619337C92B76972200392A69 /* Products */ = {
			isa = PBXGroup;
			children = (
				619337C82B76972200392A69 /* Pinchapp.app */,
			);
			name = Products;
			sourceTree = "<group>";
		};
		619337CA2B76972200392A69 /* Pinchapp */ = {
			isa = PBXGroup;
			children = (
				619337DF2B769D4100392A69 /* Data */,
				619337DE2B769CFD00392A69 /* Model */,
				619337DC2B769CA800392A69 /* View */,
				619337CB2B76972200392A69 /* PinchappApp.swift */,
				619337DB2B769BB100392A69 /* Screen */,
				619337CF2B76972200392A69 /* Item.swift */,
				619337D12B76972300392A69 /* Assets.xcassets */,
				619337D32B76972300392A69 /* Preview Content */,
			);
			path = Pinchapp;
			sourceTree = "<group>";
		};
		619337D32B76972300392A69 /* Preview Content */ = {
			isa = PBXGroup;
			children = (
				619337D42B76972300392A69 /* Preview Assets.xcassets */,
			);
			path = "Preview Content";
			sourceTree = "<group>";
		};
		619337DB2B769BB100392A69 /* Screen */ = {
			isa = PBXGroup;
			children = (
				619337CD2B76972200392A69 /* ContentView.swift */,
				61AB2C902B83638D00A302BF /* ControlimageView.swift */,
			);
			path = Screen;
			sourceTree = "<group>";
		};
		619337DC2B769CA800392A69 /* View */ = {
			isa = PBXGroup;
			children = (
				61AB2C8E2B83579D00A302BF /* InfoPanelView.swift */,
			);
			path = View;
			sourceTree = "<group>";
		};
		619337DE2B769CFD00392A69 /* Model */ = {
			isa = PBXGroup;
			children = (
				6188EDA02B83EB2800E00D14 /* PageModel.swift */,
			);
			path = Model;
			sourceTree = "<group>";
		};
		619337DF2B769D4100392A69 /* Data */ = {
			isa = PBXGroup;
			children = (
				6188EDA22B83EB7100E00D14 /* PageData.swift */,
			);
			path = Data;
			sourceTree = "<group>";
		};
/* End PBXGroup section */

/* Begin PBXNativeTarget section */
		619337C72B76972200392A69 /* Pinchapp */ = {
			isa = PBXNativeTarget;
			buildConfigurationList = 619337D82B76972300392A69 /* Build configuration list for PBXNativeTarget "Pinchapp" */;
			buildPhases = (
				619337C42B76972200392A69 /* Sources */,
				619337C52B76972200392A69 /* Frameworks */,
				619337C62B76972200392A69 /* Resources */,
			);
			buildRules = (
			);
			dependencies = (
			);
			name = Pinchapp;
			productName = Pinchapp;
			productReference = 619337C82B76972200392A69 /* Pinchapp.app */;
			productType = "com.apple.product-type.application";
		};
/* End PBXNativeTarget section */

/* Begin PBXProject section */
		619337C02B76972200392A69 /* Project object */ = {
			isa = PBXProject;
			attributes = {
				BuildIndependentTargetsInParallel = 1;
				LastSwiftUpdateCheck = 1520;
				LastUpgradeCheck = 1520;
				TargetAttributes = {
					619337C72B76972200392A69 = {
						CreatedOnToolsVersion = 15.2;
					};
				};
			};
			buildConfigurationList = 619337C32B76972200392A69 /* Build configuration list for PBXProject "Pinchapp" */;
			compatibilityVersion = "Xcode 14.0";
			developmentRegion = en;
			hasScannedForEncodings = 0;
			knownRegions = (
				en,
				Base,
			);
			mainGroup = 619337BF2B76972200392A69;
			productRefGroup = 619337C92B76972200392A69 /* Products */;
			projectDirPath = "";
			projectRoot = "";
			targets = (
				619337C72B76972200392A69 /* Pinchapp */,
			);
		};
/* End PBXProject section */

/* Begin PBXResourcesBuildPhase section */
		619337C62B76972200392A69 /* Resources */ = {
			isa = PBXResourcesBuildPhase;
			buildActionMask = 2147483647;
			files = (
				619337D52B76972300392A69 /* Preview Assets.xcassets in Resources */,
				619337D22B76972300392A69 /* Assets.xcassets in Resources */,
			);
			runOnlyForDeploymentPostprocessing = 0;
		};
/* End PBXResourcesBuildPhase section */

/* Begin PBXSourcesBuildPhase section */
		619337C42B76972200392A69 /* Sources */ = {
			isa = PBXSourcesBuildPhase;
			buildActionMask = 2147483647;
			files = (
				619337CE2B76972200392A69 /* ContentView.swift in Sources */,
				61AB2C8F2B83579D00A302BF /* InfoPanelView.swift in Sources */,
				619337D02B76972200392A69 /* Item.swift in Sources */,
				619337CC2B76972200392A69 /* PinchappApp.swift in Sources */,
				6188EDA32B83EB7100E00D14 /* PageData.swift in Sources */,
				6188EDA12B83EB2800E00D14 /* PageModel.swift in Sources */,
				61AB2C912B83638D00A302BF /* ControlimageView.swift in Sources */,
			);
			runOnlyForDeploymentPostprocessing = 0;
		};
/* End PBXSourcesBuildPhase section */

/* Begin XCBuildConfiguration section */
		619337D62B76972300392A69 /* Debug */ = {
			isa = XCBuildConfiguration;
			buildSettings = {
				ALWAYS_SEARCH_USER_PATHS = NO;
				ASSETCATALOG_COMPILER_GENERATE_SWIFT_ASSET_SYMBOL_EXTENSIONS = YES;
				CLANG_ANALYZER_NONNULL = YES;
				CLANG_ANALYZER_NUMBER_OBJECT_CONVERSION = YES_AGGRESSIVE;
				CLANG_CXX_LANGUAGE_STANDARD = "gnu++20";
				CLANG_ENABLE_MODULES = YES;
				CLANG_ENABLE_OBJC_ARC = YES;
				CLANG_ENABLE_OBJC_WEAK = YES;
				CLANG_WARN_BLOCK_CAPTURE_AUTORELEASING = YES;
				CLANG_WARN_BOOL_CONVERSION = YES;
				CLANG_WARN_COMMA = YES;
				CLANG_WARN_CONSTANT_CONVERSION = YES;
				CLANG_WARN_DEPRECATED_OBJC_IMPLEMENTATIONS = YES;
				CLANG_WARN_DIRECT_OBJC_ISA_USAGE = YES_ERROR;
				CLANG_WARN_DOCUMENTATION_COMMENTS = YES;
				CLANG_WARN_EMPTY_BODY = YES;
				CLANG_WARN_ENUM_CONVERSION = YES;
				CLANG_WARN_INFINITE_RECURSION = YES;
				CLANG_WARN_INT_CONVERSION = YES;
				CLANG_WARN_NON_LITERAL_NULL_CONVERSION = YES;
				CLANG_WARN_OBJC_IMPLICIT_RETAIN_SELF = YES;
				CLANG_WARN_OBJC_LITERAL_CONVERSION = YES;
				CLANG_WARN_OBJC_ROOT_CLASS = YES_ERROR;
				CLANG_WARN_QUOTED_INCLUDE_IN_FRAMEWORK_HEADER = YES;
				CLANG_WARN_RANGE_LOOP_ANALYSIS = YES;
				CLANG_WARN_STRICT_PROTOTYPES = YES;
				CLANG_WARN_SUSPICIOUS_MOVE = YES;
				CLANG_WARN_UNGUARDED_AVAILABILITY = YES_AGGRESSIVE;
				CLANG_WARN_UNREACHABLE_CODE = YES;
				CLANG_WARN__DUPLICATE_METHOD_MATCH = YES;
				COPY_PHASE_STRIP = NO;
				DEBUG_INFORMATION_FORMAT = dwarf;
				ENABLE_STRICT_OBJC_MSGSEND = YES;
				ENABLE_TESTABILITY = YES;
				ENABLE_USER_SCRIPT_SANDBOXING = YES;
				GCC_C_LANGUAGE_STANDARD = gnu17;
				GCC_DYNAMIC_NO_PIC = NO;
				GCC_NO_COMMON_BLOCKS = YES;
				GCC_OPTIMIZATION_LEVEL = 0;
				GCC_PREPROCESSOR_DEFINITIONS = (
					"DEBUG=1",
					"$(inherited)",
				);
				GCC_WARN_64_TO_32_BIT_CONVERSION = YES;
				GCC_WARN_ABOUT_RETURN_TYPE = YES_ERROR;
				GCC_WARN_UNDECLARED_SELECTOR = YES;
				GCC_WARN_UNINITIALIZED_AUTOS = YES_AGGRESSIVE;
				GCC_WARN_UNUSED_FUNCTION = YES;
				GCC_WARN_UNUSED_VARIABLE = YES;
				IPHONEOS_DEPLOYMENT_TARGET = 17.2;
				LOCALIZATION_PREFERS_STRING_CATALOGS = YES;
				MTL_ENABLE_DEBUG_INFO = INCLUDE_SOURCE;
				MTL_FAST_MATH = YES;
				ONLY_ACTIVE_ARCH = YES;
				SDKROOT = iphoneos;
				SWIFT_ACTIVE_COMPILATION_CONDITIONS = "DEBUG $(inherited)";
				SWIFT_OPTIMIZATION_LEVEL = "-Onone";
			};
			name = Debug;
		};
		619337D72B76972300392A69 /* Release */ = {
			isa = XCBuildConfiguration;
			buildSettings = {
				ALWAYS_SEARCH_USER_PATHS = NO;
				ASSETCATALOG_COMPILER_GENERATE_SWIFT_ASSET_SYMBOL_EXTENSIONS = YES;
				CLANG_ANALYZER_NONNULL = YES;
				CLANG_ANALYZER_NUMBER_OBJECT_CONVERSION = YES_AGGRESSIVE;
				CLANG_CXX_LANGUAGE_STANDARD = "gnu++20";
				CLANG_ENABLE_MODULES = YES;
				CLANG_ENABLE_OBJC_ARC = YES;
				CLANG_ENABLE_OBJC_WEAK = YES;
				CLANG_WARN_BLOCK_CAPTURE_AUTORELEASING = YES;
				CLANG_WARN_BOOL_CONVERSION = YES;
				CLANG_WARN_COMMA = YES;
				CLANG_WARN_CONSTANT_CONVERSION = YES;
				CLANG_WARN_DEPRECATED_OBJC_IMPLEMENTATIONS = YES;
				CLANG_WARN_DIRECT_OBJC_ISA_USAGE = YES_ERROR;
				CLANG_WARN_DOCUMENTATION_COMMENTS = YES;
				CLANG_WARN_EMPTY_BODY = YES;
				CLANG_WARN_ENUM_CONVERSION = YES;
				CLANG_WARN_INFINITE_RECURSION = YES;
				CLANG_WARN_INT_CONVERSION = YES;
				CLANG_WARN_NON_LITERAL_NULL_CONVERSION = YES;
				CLANG_WARN_OBJC_IMPLICIT_RETAIN_SELF = YES;
				CLANG_WARN_OBJC_LITERAL_CONVERSION = YES;
				CLANG_WARN_OBJC_ROOT_CLASS = YES_ERROR;
				CLANG_WARN_QUOTED_INCLUDE_IN_FRAMEWORK_HEADER = YES;
				CLANG_WARN_RANGE_LOOP_ANALYSIS = YES;
				CLANG_WARN_STRICT_PROTOTYPES = YES;
				CLANG_WARN_SUSPICIOUS_MOVE = YES;
				CLANG_WARN_UNGUARDED_AVAILABILITY = YES_AGGRESSIVE;
				CLANG_WARN_UNREACHABLE_CODE = YES;
				CLANG_WARN__DUPLICATE_METHOD_MATCH = YES;
				COPY_PHASE_STRIP = NO;
				DEBUG_INFORMATION_FORMAT = "dwarf-with-dsym";
				ENABLE_NS_ASSERTIONS = NO;
				ENABLE_STRICT_OBJC_MSGSEND = YES;
				ENABLE_USER_SCRIPT_SANDBOXING = YES;
				GCC_C_LANGUAGE_STANDARD = gnu17;
				GCC_NO_COMMON_BLOCKS = YES;
				GCC_WARN_64_TO_32_BIT_CONVERSION = YES;
				GCC_WARN_ABOUT_RETURN_TYPE = YES_ERROR;
				GCC_WARN_UNDECLARED_SELECTOR = YES;
				GCC_WARN_UNINITIALIZED_AUTOS = YES_AGGRESSIVE;
				GCC_WARN_UNUSED_FUNCTION = YES;
				GCC_WARN_UNUSED_VARIABLE = YES;
				IPHONEOS_DEPLOYMENT_TARGET = 17.2;
				LOCALIZATION_PREFERS_STRING_CATALOGS = YES;
				MTL_ENABLE_DEBUG_INFO = NO;
				MTL_FAST_MATH = YES;
				SDKROOT = iphoneos;
				SWIFT_COMPILATION_MODE = wholemodule;
				VALIDATE_PRODUCT = YES;
			};
			name = Release;
		};
		619337D92B76972300392A69 /* Debug */ = {
			isa = XCBuildConfiguration;
			buildSettings = {
				ASSETCATALOG_COMPILER_APPICON_NAME = AppIcon;
				ASSETCATALOG_COMPILER_GLOBAL_ACCENT_COLOR_NAME = AccentColor;
				CODE_SIGN_STYLE = Automatic;
				CURRENT_PROJECT_VERSION = 1;
				DEVELOPMENT_ASSET_PATHS = "\"Pinchapp/Preview Content\"";
				DEVELOPMENT_TEAM = AAAFNRNQ43;
				ENABLE_PREVIEWS = YES;
				GENERATE_INFOPLIST_FILE = YES;
				INFOPLIST_KEY_UIApplicationSceneManifest_Generation = YES;
				INFOPLIST_KEY_UIApplicationSupportsIndirectInputEvents = YES;
				INFOPLIST_KEY_UILaunchScreen_Generation = YES;
				INFOPLIST_KEY_UISupportedInterfaceOrientations_iPad = "UIInterfaceOrientationPortrait UIInterfaceOrientationPortraitUpsideDown UIInterfaceOrientationLandscapeLeft UIInterfaceOrientationLandscapeRight";
				INFOPLIST_KEY_UISupportedInterfaceOrientations_iPhone = UIInterfaceOrientationPortrait;
				LD_RUNPATH_SEARCH_PATHS = (
					"$(inherited)",
					"@executable_path/Frameworks",
				);
				MARKETING_VERSION = 1.0;
				PRODUCT_BUNDLE_IDENTIFIER = mertpalas.Pinchapp;
				PRODUCT_NAME = "$(TARGET_NAME)";
				SWIFT_EMIT_LOC_STRINGS = YES;
				SWIFT_VERSION = 5.0;
				TARGETED_DEVICE_FAMILY = "1,2";
			};
			name = Debug;
		};
		619337DA2B76972300392A69 /* Release */ = {
			isa = XCBuildConfiguration;
			buildSettings = {
				ASSETCATALOG_COMPILER_APPICON_NAME = AppIcon;
				ASSETCATALOG_COMPILER_GLOBAL_ACCENT_COLOR_NAME = AccentColor;
				CODE_SIGN_STYLE = Automatic;
				CURRENT_PROJECT_VERSION = 1;
				DEVELOPMENT_ASSET_PATHS = "\"Pinchapp/Preview Content\"";
				DEVELOPMENT_TEAM = AAAFNRNQ43;
				ENABLE_PREVIEWS = YES;
				GENERATE_INFOPLIST_FILE = YES;
				INFOPLIST_KEY_UIApplicationSceneManifest_Generation = YES;
				INFOPLIST_KEY_UIApplicationSupportsIndirectInputEvents = YES;
				INFOPLIST_KEY_UILaunchScreen_Generation = YES;
				INFOPLIST_KEY_UISupportedInterfaceOrientations_iPad = "UIInterfaceOrientationPortrait UIInterfaceOrientationPortraitUpsideDown UIInterfaceOrientationLandscapeLeft UIInterfaceOrientationLandscapeRight";
				INFOPLIST_KEY_UISupportedInterfaceOrientations_iPhone = UIInterfaceOrientationPortrait;
				LD_RUNPATH_SEARCH_PATHS = (
					"$(inherited)",
					"@executable_path/Frameworks",
				);
				MARKETING_VERSION = 1.0;
				PRODUCT_BUNDLE_IDENTIFIER = mertpalas.Pinchapp;
				PRODUCT_NAME = "$(TARGET_NAME)";
				SWIFT_EMIT_LOC_STRINGS = YES;
				SWIFT_VERSION = 5.0;
				TARGETED_DEVICE_FAMILY = "1,2";
			};
			name = Release;
		};
/* End XCBuildConfiguration section */

/* Begin XCConfigurationList section */
		619337C32B76972200392A69 /* Build configuration list for PBXProject "Pinchapp" */ = {
			isa = XCConfigurationList;
			buildConfigurations = (
				619337D62B76972300392A69 /* Debug */,
				619337D72B76972300392A69 /* Release */,
			);
			defaultConfigurationIsVisible = 0;
			defaultConfigurationName = Release;
		};
		619337D82B76972300392A69 /* Build configuration list for PBXNativeTarget "Pinchapp" */ = {
			isa = XCConfigurationList;
			buildConfigurations = (
				619337D92B76972300392A69 /* Debug */,
				619337DA2B76972300392A69 /* Release */,
			);
			defaultConfigurationIsVisible = 0;
			defaultConfigurationName = Release;
		};
/* End XCConfigurationList section */
	};
	rootObject = 619337C02B76972200392A69 /* Project object */;
}
